
Microsoft Visual Studio Solution File, Format Version 12.00
# Visual Studio 15
VisualStudioVersion = 15.0.37131.7
MinimumVisualStudioVersion = 10.0.40219.1
Project("{E24C65DC-7377-472B-9ABA-BC803B73C61A}") = "RRHH", ".", "{588B2FB6-5DD6-4028-9440-1EE9B7D70880}"
	ProjectSection(WebsiteProperties) = preProject
		TargetFrameworkMoniker = ".NETFramework,Version%3Dv4.8"
		Debug.AspNetCompiler.VirtualPath = "/localhost_55000"
		Debug.AspNetCompiler.PhysicalPath = "..\RRHH\"
		Debug.AspNetCompiler.TargetPath = "PrecompiledWeb\localhost_55000\"
		Debug.AspNetCompiler.Updateable = "true"
		Debug.AspNetCompiler.ForceOverwrite = "true"
		Debug.AspNetCompiler.FixedNames = "false"
		Debug.AspNetCompiler.Debug = "True"
		Release.AspNetCompiler.VirtualPath = "/localhost_55000"
		Release.AspNetCompiler.PhysicalPath = "..\RRHH\"
		Release.AspNetCompiler.TargetPath = "PrecompiledWeb\localhost_55000\"
		Release.AspNetCompiler.Updateable = "true"
		Release.AspNetCompiler.ForceOverwrite = "true"
		Release.AspNetCompiler.FixedNames = "false"
		Release.AspNetCompiler.Debug = "False"
		VWDPort = "55000"
		SlnRelativePath = "..\RRHH\"
	EndProjectSection
EndProject
Global
	GlobalSection(SolutionConfigurationPlatforms) = preSolution
		Debug|Any CPU = Debug|Any CPU
	EndGlobalSection
	GlobalSection(ProjectConfigurationPlatforms) = postSolution
		{588B2FB6-5DD6-4028-9440-1EE9B7D70880}.Debug|Any CPU.ActiveCfg = Debug|Any CPU
		{588B2FB6-5DD6-4028-9440-1EE9B7D70880}.Debug|Any CPU.Build.0 = Debug|Any CPU
	EndGlobalSection
	GlobalSection(SolutionProperties) = preSolution
		HideSolutionNode = FALSE
	EndGlobalSection
	GlobalSection(ExtensibilityGlobals) = postSolution
		SolutionGuid = {FF1004E6-0C15-470C-8684-BCAE04B6519A}
	EndGlobalSection
EndGlobal
